// !$*UTF8*$!
{
	archiveVersion = 1;
	classes = {
	};
	objectVersion = 55;
	objects = {

/* Begin PBXBuildFile section */
		567F37D7287F097D003DDB5E /* AppDelegate.swift in Sources */ = {isa = PBXBuildFile; fileRef = 567F37D6287F097D003DDB5E /* AppDelegate.swift */; };
		567F37D9287F097D003DDB5E /* SceneDelegate.swift in Sources */ = {isa = PBXBuildFile; fileRef = 567F37D8287F097D003DDB5E /* SceneDelegate.swift */; };
		567F37DE287F097D003DDB5E /* Main.storyboard in Resources */ = {isa = PBXBuildFile; fileRef = 567F37DC287F097D003DDB5E /* Main.storyboard */; };
		567F37E0287F0981003DDB5E /* Assets.xcassets in Resources */ = {isa = PBXBuildFile; fileRef = 567F37DF287F0981003DDB5E /* Assets.xcassets */; };
		567F37E3287F0981003DDB5E /* LaunchScreen.storyboard in Resources */ = {isa = PBXBuildFile; fileRef = 567F37E1287F0981003DDB5E /* LaunchScreen.storyboard */; };
		567F37EF287F0A9F003DDB5E /* ViewController.swift in Sources */ = {isa = PBXBuildFile; fileRef = 567F37EE287F0A9F003DDB5E /* ViewController.swift */; };
		567F37F2287F51DD003DDB5E /* StartViewController.swift in Sources */ = {isa = PBXBuildFile; fileRef = 567F37F1287F51DD003DDB5E /* StartViewController.swift */; };
/* End PBXBuildFile section */

/* Begin PBXFileReference section */
		567F37D3287F097D003DDB5E /* colorizeApp.app */ = {isa = PBXFileReference; explicitFileType = wrapper.application; includeInIndex = 0; path = colorizeApp.app; sourceTree = BUILT_PRODUCTS_DIR; };
		567F37D6287F097D003DDB5E /* AppDelegate.swift */ = {isa = PBXFileReference; lastKnownFileType = sourcecode.swift; path = AppDelegate.swift; sourceTree = "<group>"; };
		567F37D8287F097D003DDB5E /* SceneDelegate.swift */ = {isa = PBXFileReference; lastKnownFileType = sourcecode.swift; path = SceneDelegate.swift; sourceTree = "<group>"; };
		567F37DD287F097D003DDB5E /* Base */ = {isa = PBXFileReference; lastKnownFileType = file.storyboard; name = Base; path = Base.lproj/Main.storyboard; sourceTree = "<group>"; };
		567F37DF287F0981003DDB5E /* Assets.xcassets */ = {isa = PBXFileReference; lastKnownFileType = folder.assetcatalog; path = Assets.xcassets; sourceTree = "<group>"; };
		567F37E2287F0981003DDB5E /* Base */ = {isa = PBXFileReference; lastKnownFileType = file.storyboard; name = Base; path = Base.lproj/LaunchScreen.storyboard; sourceTree = "<group>"; };
		567F37E4287F0981003DDB5E /* Info.plist */ = {isa = PBXFileReference; lastKnownFileType = text.plist.xml; path = Info.plist; sourceTree = "<group>"; };
		567F37EE287F0A9F003DDB5E /* ViewController.swift */ = {isa = PBXFileReference; lastKnownFileType = sourcecode.swift; path = ViewController.swift; sourceTree = "<group>"; };
		567F37F1287F51DD003DDB5E /* StartViewController.swift */ = {isa = PBXFileReference; lastKnownFileType = sourcecode.swift; path = StartViewController.swift; sourceTree = "<group>"; };
/* End PBXFileReference section */

/* Begin PBXFrameworksBuildPhase section */
		567F37D0287F097D003DDB5E /* Frameworks */ = {
			isa = PBXFrameworksBuildPhase;
			buildActionMask = 2147483647;
			files = (
			);
			runOnlyForDeploymentPostprocessing = 0;
		};
/* End PBXFrameworksBuildPhase section */

/* Begin PBXGroup section */
		567F37CA287F097D003DDB5E = {
			isa = PBXGroup;
			children = (
				567F37D5287F097D003DDB5E /* colorizeApp */,
				567F37D4287F097D003DDB5E /* Products */,
			);
			sourceTree = "<group>";
		};
		567F37D4287F097D003DDB5E /* Products */ = {
			isa = PBXGroup;
			children = (
				567F37D3287F097D003DDB5E /* colorizeApp.app */,
			);
			name = Products;
			sourceTree = "<group>";
		};
		567F37D5287F097D003DDB5E /* colorizeApp */ = {
			isa = PBXGroup;
			children = (
				567F37EB287F0A06003DDB5E /* Storyboards */,
				567F37F0287F0AA7003DDB5E /* ViewControllers */,
				567F37EA287F09DB003DDB5E /* App */,
				567F37EC287F0A3A003DDB5E /* Resource */,
			);
			path = colorizeApp;
			sourceTree = "<group>";
		};
		567F37EA287F09DB003DDB5E /* App */ = {
			isa = PBXGroup;
			children = (
				567F37D6287F097D003DDB5E /* AppDelegate.swift */,
				567F37D8287F097D003DDB5E /* SceneDelegate.swift */,
				567F37E4287F0981003DDB5E /* Info.plist */,
			);
			path = App;
			sourceTree = "<group>";
		};
		567F37EB287F0A06003DDB5E /* Storyboards */ = {
			isa = PBXGroup;
			children = (
				567F37DC287F097D003DDB5E /* Main.storyboard */,
				567F37E1287F0981003DDB5E /* LaunchScreen.storyboard */,
			);
			path = Storyboards;
			sourceTree = "<group>";
		};
		567F37EC287F0A3A003DDB5E /* Resource */ = {
			isa = PBXGroup;
			children = (
				567F37DF287F0981003DDB5E /* Assets.xcassets */,
			);
			path = Resource;
			sourceTree = "<group>";
		};
		567F37F0287F0AA7003DDB5E /* ViewControllers */ = {
			isa = PBXGroup;
			children = (
				567F37F1287F51DD003DDB5E /* StartViewController.swift */,
				567F37EE287F0A9F003DDB5E /* ViewController.swift */,
			);
			path = ViewControllers;
			sourceTree = "<group>";
		};
/* End PBXGroup section */

/* Begin PBXNativeTarget section */
		567F37D2287F097D003DDB5E /* colorizeApp */ = {
			isa = PBXNativeTarget;
			buildConfigurationList = 567F37E7287F0981003DDB5E /* Build configuration list for PBXNativeTarget "colorizeApp" */;
			buildPhases = (
				567F37CF287F097D003DDB5E /* Sources */,
				567F37D0287F097D003DDB5E /* Frameworks */,
				567F37D1287F097D003DDB5E /* Resources */,
			);
			buildRules = (
			);
			dependencies = (
			);
			name = colorizeApp;
			productName = colorizeApp;
			productReference = 567F37D3287F097D003DDB5E /* colorizeApp.app */;
			productType = "com.apple.product-type.application";
		};
/* End PBXNativeTarget section */

/* Begin PBXProject section */
		567F37CB287F097D003DDB5E /* Project object */ = {
			isa = PBXProject;
			attributes = {
				BuildIndependentTargetsInParallel = 1;
				LastSwiftUpdateCheck = 1330;
				LastUpgradeCheck = 1330;
				TargetAttributes = {
					567F37D2287F097D003DDB5E = {
						CreatedOnToolsVersion = 13.3.1;
					};
				};
			};
			buildConfigurationList = 567F37CE287F097D003DDB5E /* Build configuration list for PBXProject "colorizeApp" */;
			compatibilityVersion = "Xcode 13.0";
			developmentRegion = en;
			hasScannedForEncodings = 0;
			knownRegions = (
				en,
				Base,
			);
			mainGroup = 567F37CA287F097D003DDB5E;
			productRefGroup = 567F37D4287F097D003DDB5E /* Products */;
			projectDirPath = "";
			projectRoot = "";
			targets = (
				567F37D2287F097D003DDB5E /* colorizeApp */,
			);
		};
/* End PBXProject section */

/* Begin PBXResourcesBuildPhase section */
		567F37D1287F097D003DDB5E /* Resources */ = {
			isa = PBXResourcesBuildPhase;
			buildActionMask = 2147483647;
			files = (
				567F37E3287F0981003DDB5E /* LaunchScreen.storyboard in Resources */,
				567F37E0287F0981003DDB5E /* Assets.xcassets in Resources */,
				567F37DE287F097D003DDB5E /* Main.storyboard in Resources */,
			);
			runOnlyForDeploymentPostprocessing = 0;
		};
/* End PBXResourcesBuildPhase section */

/* Begin PBXSourcesBuildPhase section */
		567F37CF287F097D003DDB5E /* Sources */ = {
			isa = PBXSourcesBuildPhase;
			buildActionMask = 2147483647;
			files = (
				567F37EF287F0A9F003DDB5E /* ViewController.swift in Sources */,
				567F37F2287F51DD003DDB5E /* StartViewController.swift in Sources */,
				567F37D7287F097D003DDB5E /* AppDelegate.swift in Sources */,
				567F37D9287F097D003DDB5E /* SceneDelegate.swift in Sources */,
			);
			runOnlyForDeploymentPostprocessing = 0;
		};
/* End PBXSourcesBuildPhase section */

/* Begin PBXVariantGroup section */
		567F37DC287F097D003DDB5E /* Main.storyboard */ = {
			isa = PBXVariantGroup;
			children = (
				567F37DD287F097D003DDB5E /* Base */,
			);
			name = Main.storyboard;
			sourceTree = "<group>";
		};
		567F37E1287F0981003DDB5E /* LaunchScreen.storyboard */ = {
			isa = PBXVariantGroup;
			children = (
				567F37E2287F0981003DDB5E /* Base */,
			);
			name = LaunchScreen.storyboard;
			sourceTree = "<group>";
		};
/* End PBXVariantGroup section */

/* Begin XCBuildConfiguration section */
		567F37E5287F0981003DDB5E /* Debug */ = {
			isa = XCBuildConfiguration;
			buildSettings = {
				ALWAYS_SEARCH_USER_PATHS = NO;
				CLANG_ANALYZER_NONNULL = YES;
				CLANG_ANALYZER_NUMBER_OBJECT_CONVERSION = YES_AGGRESSIVE;
				CLANG_CXX_LANGUAGE_STANDARD = "gnu++17";
				CLANG_ENABLE_MODULES = YES;
				CLANG_ENABLE_OBJC_ARC = YES;
				CLANG_ENABLE_OBJC_WEAK = YES;
				CLANG_WARN_BLOCK_CAPTURE_AUTORELEASING = YES;
				CLANG_WARN_BOOL_CONVERSION = YES;
				CLANG_WARN_COMMA = YES;
				CLANG_WARN_CONSTANT_CONVERSION = YES;
				CLANG_WARN_DEPRECATED_OBJC_IMPLEMENTATIONS = YES;
				CLANG_WARN_DIRECT_OBJC_ISA_USAGE = YES_ERROR;
				CLANG_WARN_DOCUMENTATION_COMMENTS = YES;
				CLANG_WARN_EMPTY_BODY = YES;
				CLANG_WARN_ENUM_CONVERSION = YES;
				CLANG_WARN_INFINITE_RECURSION = YES;
				CLANG_WARN_INT_CONVERSION = YES;
				CLANG_WARN_NON_LITERAL_NULL_CONVERSION = YES;
				CLANG_WARN_OBJC_IMPLICIT_RETAIN_SELF = YES;
				CLANG_WARN_OBJC_LITERAL_CONVERSION = YES;
				CLANG_WARN_OBJC_ROOT_CLASS = YES_ERROR;
				CLANG_WARN_QUOTED_INCLUDE_IN_FRAMEWORK_HEADER = YES;
				CLANG_WARN_RANGE_LOOP_ANALYSIS = YES;
				CLANG_WARN_STRICT_PROTOTYPES = YES;
				CLANG_WARN_SUSPICIOUS_MOVE = YES;
				CLANG_WARN_UNGUARDED_AVAILABILITY = YES_AGGRESSIVE;
				CLANG_WARN_UNREACHABLE_CODE = YES;
				CLANG_WARN__DUPLICATE_METHOD_MATCH = YES;
				COPY_PHASE_STRIP = NO;
				DEBUG_INFORMATION_FORMAT = dwarf;
				ENABLE_STRICT_OBJC_MSGSEND = YES;
				ENABLE_TESTABILITY = YES;
				GCC_C_LANGUAGE_STANDARD = gnu11;
				GCC_DYNAMIC_NO_PIC = NO;
				GCC_NO_COMMON_BLOCKS = YES;
				GCC_OPTIMIZATION_LEVEL = 0;
				GCC_PREPROCESSOR_DEFINITIONS = (
					"DEBUG=1",
					"$(inherited)",
				);
				GCC_WARN_64_TO_32_BIT_CONVERSION = YES;
				GCC_WARN_ABOUT_RETURN_TYPE = YES_ERROR;
				GCC_WARN_UNDECLARED_SELECTOR = YES;
				GCC_WARN_UNINITIALIZED_AUTOS = YES_AGGRESSIVE;
				GCC_WARN_UNUSED_FUNCTION = YES;
				GCC_WARN_UNUSED_VARIABLE = YES;
				IPHONEOS_DEPLOYMENT_TARGET = 15.4;
				MTL_ENABLE_DEBUG_INFO = INCLUDE_SOURCE;
				MTL_FAST_MATH = YES;
				ONLY_ACTIVE_ARCH = YES;
				SDKROOT = iphoneos;
				SWIFT_ACTIVE_COMPILATION_CONDITIONS = DEBUG;
				SWIFT_OPTIMIZATION_LEVEL = "-Onone";
			};
			name = Debug;
		};
		567F37E6287F0981003DDB5E /* Release */ = {
			isa = XCBuildConfiguration;
			buildSettings = {
				ALWAYS_SEARCH_USER_PATHS = NO;
				CLANG_ANALYZER_NONNULL = YES;
				CLANG_ANALYZER_NUMBER_OBJECT_CONVERSION = YES_AGGRESSIVE;
				CLANG_CXX_LANGUAGE_STANDARD = "gnu++17";
				CLANG_ENABLE_MODULES = YES;
				CLANG_ENABLE_OBJC_ARC = YES;
				CLANG_ENABLE_OBJC_WEAK = YES;
				CLANG_WARN_BLOCK_CAPTURE_AUTORELEASING = YES;
				CLANG_WARN_BOOL_CONVERSION = YES;
				CLANG_WARN_COMMA = YES;
				CLANG_WARN_CONSTANT_CONVERSION = YES;
				CLANG_WARN_DEPRECATED_OBJC_IMPLEMENTATIONS = YES;
				CLANG_WARN_DIRECT_OBJC_ISA_USAGE = YES_ERROR;
				CLANG_WARN_DOCUMENTATION_COMMENTS = YES;
				CLANG_WARN_EMPTY_BODY = YES;
				CLANG_WARN_ENUM_CONVERSION = YES;
				CLANG_WARN_INFINITE_RECURSION = YES;
				CLANG_WARN_INT_CONVERSION = YES;
				CLANG_WARN_NON_LITERAL_NULL_CONVERSION = YES;
				CLANG_WARN_OBJC_IMPLICIT_RETAIN_SELF = YES;
				CLANG_WARN_OBJC_LITERAL_CONVERSION = YES;
				CLANG_WARN_OBJC_ROOT_CLASS = YES_ERROR;
				CLANG_WARN_QUOTED_INCLUDE_IN_FRAMEWORK_HEADER = YES;
				CLANG_WARN_RANGE_LOOP_ANALYSIS = YES;
				CLANG_WARN_STRICT_PROTOTYPES = YES;
				CLANG_WARN_SUSPICIOUS_MOVE = YES;
				CLANG_WARN_UNGUARDED_AVAILABILITY = YES_AGGRESSIVE;
				CLANG_WARN_UNREACHABLE_CODE = YES;
				CLANG_WARN__DUPLICATE_METHOD_MATCH = YES;
				COPY_PHASE_STRIP = NO;
				DEBUG_INFORMATION_FORMAT = "dwarf-with-dsym";
				ENABLE_NS_ASSERTIONS = NO;
				ENABLE_STRICT_OBJC_MSGSEND = YES;
				GCC_C_LANGUAGE_STANDARD = gnu11;
				GCC_NO_COMMON_BLOCKS = YES;
				GCC_WARN_64_TO_32_BIT_CONVERSION = YES;
				GCC_WARN_ABOUT_RETURN_TYPE = YES_ERROR;
				GCC_WARN_UNDECLARED_SELECTOR = YES;
				GCC_WARN_UNINITIALIZED_AUTOS = YES_AGGRESSIVE;
				GCC_WARN_UNUSED_FUNCTION = YES;
				GCC_WARN_UNUSED_VARIABLE = YES;
				IPHONEOS_DEPLOYMENT_TARGET = 15.4;
				MTL_ENABLE_DEBUG_INFO = NO;
				MTL_FAST_MATH = YES;
				SDKROOT = iphoneos;
				SWIFT_COMPILATION_MODE = wholemodule;
				SWIFT_OPTIMIZATION_LEVEL = "-O";
				VALIDATE_PRODUCT = YES;
			};
			name = Release;
		};
		567F37E8287F0981003DDB5E /* Debug */ = {
			isa = XCBuildConfiguration;
			buildSettings = {
				ASSETCATALOG_COMPILER_APPICON_NAME = AppIcon;
				ASSETCATALOG_COMPILER_GLOBAL_ACCENT_COLOR_NAME = AccentColor;
				CODE_SIGN_STYLE = Automatic;
				CURRENT_PROJECT_VERSION = 1;
				DEVELOPMENT_TEAM = 97LPR2242T;
				GENERATE_INFOPLIST_FILE = YES;
				INFOPLIST_FILE = colorizeApp/App/Info.plist;
				INFOPLIST_KEY_UIApplicationSupportsIndirectInputEvents = YES;
				INFOPLIST_KEY_UILaunchStoryboardName = LaunchScreen;
				INFOPLIST_KEY_UIMainStoryboardFile = Main;
				INFOPLIST_KEY_UISupportedInterfaceOrientations_iPad = "UIInterfaceOrientationPortrait UIInterfaceOrientationPortraitUpsideDown UIInterfaceOrientationLandscapeLeft UIInterfaceOrientationLandscapeRight";
				INFOPLIST_KEY_UISupportedInterfaceOrientations_iPhone = "UIInterfaceOrientationPortrait UIInterfaceOrientationLandscapeLeft UIInterfaceOrientationLandscapeRight";
				LD_RUNPATH_SEARCH_PATHS = (
					"$(inherited)",
					"@executable_path/Frameworks",
				);
				MARKETING_VERSION = 1.0;
				PRODUCT_BUNDLE_IDENTIFIER = homework.colorizeApp;
				PRODUCT_NAME = "$(TARGET_NAME)";
				SWIFT_EMIT_LOC_STRINGS = YES;
				SWIFT_VERSION = 5.0;
				TARGETED_DEVICE_FAMILY = 1;
			};
			name = Debug;
		};
		567F37E9287F0981003DDB5E /* Release */ = {
			isa = XCBuildConfiguration;
			buildSettings = {
				ASSETCATALOG_COMPILER_APPICON_NAME = AppIcon;
				ASSETCATALOG_COMPILER_GLOBAL_ACCENT_COLOR_NAME = AccentColor;
				CODE_SIGN_STYLE = Automatic;
				CURRENT_PROJECT_VERSION = 1;
				DEVELOPMENT_TEAM = 97LPR2242T;
				GENERATE_INFOPLIST_FILE = YES;
				INFOPLIST_FILE = colorizeApp/App/Info.plist;
				INFOPLIST_KEY_UIApplicationSupportsIndirectInputEvents = YES;
				INFOPLIST_KEY_UILaunchStoryboardName = LaunchScreen;
				INFOPLIST_KEY_UIMainStoryboardFile = Main;
				INFOPLIST_KEY_UISupportedInterfaceOrientations_iPad = "UIInterfaceOrientationPortrait UIInterfaceOrientationPortraitUpsideDown UIInterfaceOrientationLandscapeLeft UIInterfaceOrientationLandscapeRight";
				INFOPLIST_KEY_UISupportedInterfaceOrientations_iPhone = "UIInterfaceOrientationPortrait UIInterfaceOrientationLandscapeLeft UIInterfaceOrientationLandscapeRight";
				LD_RUNPATH_SEARCH_PATHS = (
					"$(inherited)",
					"@executable_path/Frameworks",
				);
				MARKETING_VERSION = 1.0;
				PRODUCT_BUNDLE_IDENTIFIER = homework.colorizeApp;
				PRODUCT_NAME = "$(TARGET_NAME)";
				SWIFT_EMIT_LOC_STRINGS = YES;
				SWIFT_VERSION = 5.0;
				TARGETED_DEVICE_FAMILY = 1;
			};
			name = Release;
		};
/* End XCBuildConfiguration section */

/* Begin XCConfigurationList section */
		567F37CE287F097D003DDB5E /* Build configuration list for PBXProject "colorizeApp" */ = {
			isa = XCConfigurationList;
			buildConfigurations = (
				567F37E5287F0981003DDB5E /* Debug */,
				567F37E6287F0981003DDB5E /* Release */,
			);
			defaultConfigurationIsVisible = 0;
			defaultConfigurationName = Release;
		};
		567F37E7287F0981003DDB5E /* Build configuration list for PBXNativeTarget "colorizeApp" */ = {
			isa = XCConfigurationList;
			buildConfigurations = (
				567F37E8287F0981003DDB5E /* Debug */,
				567F37E9287F0981003DDB5E /* Release */,
			);
			defaultConfigurationIsVisible = 0;
			defaultConfigurationName = Release;
		};
/* End XCConfigurationList section */
	};
	rootObject = 567F37CB287F097D003DDB5E /* Project object */;
}
